
Microsoft Visual Studio Solution File, Format Version 12.00
# Visual Studio Version 17
VisualStudioVersion = 17.0.31903.59
MinimumVisualStudioVersion = 10.0.40219.1
Project("{FAE04EC0-301F-11D3-BF4B-00C04F79EFBC}") = "Tyuiu.GorohovAI.Sprint1.Task0.V18.Lib", "Tyuiu.GorohovAI.Sprint1.Task0.V18.Lib\Tyuiu.GorohovAI.Sprint1.Task0.V18.Lib.csproj", "{60B72152-1C13-4A88-ABB8-5B37ADF5FFCE}"
EndProject
Project("{FAE04EC0-301F-11D3-BF4B-00C04F79EFBC}") = "Tyuiu.GorohovAI.Sprint1.Task0.V18", "Tyuiu.GorohovAI.Sprint1.Task0.V18\Tyuiu.GorohovAI.Sprint1.Task0.V18.csproj", "{FB808F37-4436-44BE-ABC0-D8E1FF6121FA}"
EndProject
Project("{FAE04EC0-301F-11D3-BF4B-00C04F79EFBC}") = "Tyuiu.GorohovAI.Sprint1.Task0.V18.Test", "Tyuiu.GorohovAI.Sprint1.Task0.V18.Test\Tyuiu.GorohovAI.Sprint1.Task0.V18.Test.csproj", "{FA063A20-1EDB-47F2-9BFA-737B4A1C1427}"
EndProject
Project("{FAE04EC0-301F-11D3-BF4B-00C04F79EFBC}") = "Tyuiu.GorohovAI.Sprint1.Task1.V10.Lib", "Tyuiu.GorohovAI.Sprint1.Task1.V10.Lib\Tyuiu.GorohovAI.Sprint1.Task1.V10.Lib.csproj", "{26D125CD-A190-48CD-A7C5-7B24A3A509B3}"
EndProject
Project("{FAE04EC0-301F-11D3-BF4B-00C04F79EFBC}") = "Tyuiu.GorohovAI.Sprint1.Task1.V10", "Tyuiu.GorohovAI.Sprint1.Task1.V10\Tyuiu.GorohovAI.Sprint1.Task1.V10.csproj", "{CA148715-C0BF-4A42-8EBB-01890EF0533F}"
EndProject
Project("{FAE04EC0-301F-11D3-BF4B-00C04F79EFBC}") = "Tyuiu.GorohovAI.Sprint1.Task1.V10.Test", "Tyuiu.GorohovAI.Sprint1.Task1.V10.Test\Tyuiu.GorohovAI.Sprint1.Task1.V10.Test.csproj", "{C473F3CD-E717-4DA5-BBC9-6665E449075B}"
EndProject
Project("{FAE04EC0-301F-11D3-BF4B-00C04F79EFBC}") = "Tyuiu.GorohovAI.Sprint1.Task2.V11.Lib", "Tyuiu.GorohovAI.Sprint1.Task2.V11.Lib\Tyuiu.GorohovAI.Sprint1.Task2.V11.Lib.csproj", "{6477C544-B59B-4116-B1E3-3319A953352D}"
EndProject
Project("{FAE04EC0-301F-11D3-BF4B-00C04F79EFBC}") = "Tyuiu.GorohovAI.Sprint1.Task2.V11", "Tyuiu.GorohovAI.Sprint1.Task2.V11\Tyuiu.GorohovAI.Sprint1.Task2.V11.csproj", "{C9C7CFC4-71AA-409F-845E-C0B67D09EE8C}"
EndProject
Project("{FAE04EC0-301F-11D3-BF4B-00C04F79EFBC}") = "Tyuiu.GorohovAI.Sprint1.Task2.V11.Test", "Tyuiu.GorohovAI.Sprint1.Task2.V11.Test\Tyuiu.GorohovAI.Sprint1.Task2.V11.Test.csproj", "{ECCEF7DF-059C-4F0F-B041-179332A6FC33}"
EndProject
Project("{FAE04EC0-301F-11D3-BF4B-00C04F79EFBC}") = "Tyuiu.GorohovAI.Sprint1.Task3.V16.Lib", "Tyuiu.GorohovAI.Sprint1.Task3.V16.Lib\Tyuiu.GorohovAI.Sprint1.Task3.V16.Lib.csproj", "{92986653-13CC-4C97-BBAB-3553AFF87237}"
EndProject
Project("{FAE04EC0-301F-11D3-BF4B-00C04F79EFBC}") = "Tyuiu.GorohovAI.Sprint1.Task3.V16", "Tyuiu.GorohovAI.Sprint1.Task3.V16\Tyuiu.GorohovAI.Sprint1.Task3.V16.csproj", "{51F04EBE-E822-4751-A767-9DAEB4595274}"
EndProject
Project("{FAE04EC0-301F-11D3-BF4B-00C04F79EFBC}") = "Tyuiu.GorohovAI.Sprint1.Task3.V16.Test", "Tyuiu.GorohovAI.Sprint1.Task3.V16.Test\Tyuiu.GorohovAI.Sprint1.Task3.V16.Test.csproj", "{3E54F6BF-C3EF-4C26-ABA5-2FD55C6FDA42}"
EndProject
Project("{FAE04EC0-301F-11D3-BF4B-00C04F79EFBC}") = "Tyuiu.GorohovAI.Sprint1.Task4.V21.Lib", "Tyuiu.GorohovAI.Sprint1.Task4.V21.Lib\Tyuiu.GorohovAI.Sprint1.Task4.V21.Lib.csproj", "{771BF8C5-1815-42D0-9CA3-1FA7FF1F8729}"
EndProject
Project("{FAE04EC0-301F-11D3-BF4B-00C04F79EFBC}") = "Tyuiu.GorohovAI.Sprint1.Task4.V21", "Tyuiu.GorohovAI.Sprint1.Task4.V21\Tyuiu.GorohovAI.Sprint1.Task4.V21.csproj", "{01CBBAE1-5DE4-4A75-AA91-26F4C5169058}"
EndProject
Project("{FAE04EC0-301F-11D3-BF4B-00C04F79EFBC}") = "Tyuiu.GorohovAI.Sprint1.Task4.V21.Test", "Tyuiu.GorohovAI.Sprint1.Task4.V21.Test\Tyuiu.GorohovAI.Sprint1.Task4.V21.Test.csproj", "{AF24FF35-E35A-4187-B346-1E933BD7322E}"
EndProject
Project("{FAE04EC0-301F-11D3-BF4B-00C04F79EFBC}") = "Tyuiu.GorohovAI.Sprint1.Task5.V6.Lib", "Tyuiu.GorohovAI.Sprint1.Task5.V6.Lib\Tyuiu.GorohovAI.Sprint1.Task5.V6.Lib.csproj", "{3A62E979-B011-4F8A-B3D1-8A2758612D0B}"
EndProject
Project("{FAE04EC0-301F-11D3-BF4B-00C04F79EFBC}") = "Tyuiu.GorohovAI.Sprint1.Task5.V6", "Tyuiu.GorohovAI.Sprint1.Task5.V6\Tyuiu.GorohovAI.Sprint1.Task5.V6.csproj", "{258D8D75-9B97-4FAB-991F-C15A0F4F54AE}"
EndProject
Project("{FAE04EC0-301F-11D3-BF4B-00C04F79EFBC}") = "Tyuiu.GorohovAI.Sprint1.Task5.V6.Test", "Tyuiu.GorohovAI.Sprint1.Task5.V6.Test\Tyuiu.GorohovAI.Sprint1.Task5.V6.Test.csproj", "{E1B3BB23-F691-495A-BCF0-F0BF9D25F172}"
EndProject
Project("{FAE04EC0-301F-11D3-BF4B-00C04F79EFBC}") = "Tyuiu.GorohovAI.Sprint1.Task6.V4.Lib", "Tyuiu.GorohovAI.Sprint1.Task6.V4.Lib\Tyuiu.GorohovAI.Sprint1.Task6.V4.Lib.csproj", "{539B6C31-1943-4C74-8628-19E154F358A9}"
EndProject
Project("{FAE04EC0-301F-11D3-BF4B-00C04F79EFBC}") = "Tyuiu.GorohovAI.Sprint1.Task6.V4", "Tyuiu.GorohovAI.Sprint1.Task6.V4\Tyuiu.GorohovAI.Sprint1.Task6.V4.csproj", "{E5F7A62C-7D6E-4C8F-89BC-F1BEEB90B49F}"
EndProject
Project("{FAE04EC0-301F-11D3-BF4B-00C04F79EFBC}") = "Tyuiu.GorohovAI.Sprint1.Task6.V4.Test", "Tyuiu.GorohovAI.Sprint1.Task6.V4.Test\Tyuiu.GorohovAI.Sprint1.Task6.V4.Test.csproj", "{A990BFD9-B1AB-4FE0-BEAA-AD00CB70C0C4}"
EndProject
Global
	GlobalSection(SolutionConfigurationPlatforms) = preSolution
		Debug|Any CPU = Debug|Any CPU
		Release|Any CPU = Release|Any CPU
	EndGlobalSection
	GlobalSection(SolutionProperties) = preSolution
		HideSolutionNode = FALSE
	EndGlobalSection
	GlobalSection(ProjectConfigurationPlatforms) = postSolution
		{60B72152-1C13-4A88-ABB8-5B37ADF5FFCE}.Debug|Any CPU.ActiveCfg = Debug|Any CPU
		{60B72152-1C13-4A88-ABB8-5B37ADF5FFCE}.Debug|Any CPU.Build.0 = Debug|Any CPU
		{60B72152-1C13-4A88-ABB8-5B37ADF5FFCE}.Release|Any CPU.ActiveCfg = Release|Any CPU
		{60B72152-1C13-4A88-ABB8-5B37ADF5FFCE}.Release|Any CPU.Build.0 = Release|Any CPU
		{FB808F37-4436-44BE-ABC0-D8E1FF6121FA}.Debug|Any CPU.ActiveCfg = Debug|Any CPU
		{FB808F37-4436-44BE-ABC0-D8E1FF6121FA}.Debug|Any CPU.Build.0 = Debug|Any CPU
		{FB808F37-4436-44BE-ABC0-D8E1FF6121FA}.Release|Any CPU.ActiveCfg = Release|Any CPU
		{FB808F37-4436-44BE-ABC0-D8E1FF6121FA}.Release|Any CPU.Build.0 = Release|Any CPU
		{FA063A20-1EDB-47F2-9BFA-737B4A1C1427}.Debug|Any CPU.ActiveCfg = Debug|Any CPU
		{FA063A20-1EDB-47F2-9BFA-737B4A1C1427}.Debug|Any CPU.Build.0 = Debug|Any CPU
		{FA063A20-1EDB-47F2-9BFA-737B4A1C1427}.Release|Any CPU.ActiveCfg = Release|Any CPU
		{FA063A20-1EDB-47F2-9BFA-737B4A1C1427}.Release|Any CPU.Build.0 = Release|Any CPU
		{26D125CD-A190-48CD-A7C5-7B24A3A509B3}.Debug|Any CPU.ActiveCfg = Debug|Any CPU
		{26D125CD-A190-48CD-A7C5-7B24A3A509B3}.Debug|Any CPU.Build.0 = Debug|Any CPU
		{26D125CD-A190-48CD-A7C5-7B24A3A509B3}.Release|Any CPU.ActiveCfg = Release|Any CPU
		{26D125CD-A190-48CD-A7C5-7B24A3A509B3}.Release|Any CPU.Build.0 = Release|Any CPU
		{CA148715-C0BF-4A42-8EBB-01890EF0533F}.Debug|Any CPU.ActiveCfg = Debug|Any CPU
		{CA148715-C0BF-4A42-8EBB-01890EF0533F}.Debug|Any CPU.Build.0 = Debug|Any CPU
		{CA148715-C0BF-4A42-8EBB-01890EF0533F}.Release|Any CPU.ActiveCfg = Release|Any CPU
		{CA148715-C0BF-4A42-8EBB-01890EF0533F}.Release|Any CPU.Build.0 = Release|Any CPU
		{C473F3CD-E717-4DA5-BBC9-6665E449075B}.Debug|Any CPU.ActiveCfg = Debug|Any CPU
		{C473F3CD-E717-4DA5-BBC9-6665E449075B}.Debug|Any CPU.Build.0 = Debug|Any CPU
		{C473F3CD-E717-4DA5-BBC9-6665E449075B}.Release|Any CPU.ActiveCfg = Release|Any CPU
		{C473F3CD-E717-4DA5-BBC9-6665E449075B}.Release|Any CPU.Build.0 = Release|Any CPU
		{6477C544-B59B-4116-B1E3-3319A953352D}.Debug|Any CPU.ActiveCfg = Debug|Any CPU
		{6477C544-B59B-4116-B1E3-3319A953352D}.Debug|Any CPU.Build.0 = Debug|Any CPU
		{6477C544-B59B-4116-B1E3-3319A953352D}.Release|Any CPU.ActiveCfg = Release|Any CPU
		{6477C544-B59B-4116-B1E3-3319A953352D}.Release|Any CPU.Build.0 = Release|Any CPU
		{C9C7CFC4-71AA-409F-845E-C0B67D09EE8C}.Debug|Any CPU.ActiveCfg = Debug|Any CPU
		{C9C7CFC4-71AA-409F-845E-C0B67D09EE8C}.Debug|Any CPU.Build.0 = Debug|Any CPU
		{C9C7CFC4-71AA-409F-845E-C0B67D09EE8C}.Release|Any CPU.ActiveCfg = Release|Any CPU
		{C9C7CFC4-71AA-409F-845E-C0B67D09EE8C}.Release|Any CPU.Build.0 = Release|Any CPU
		{ECCEF7DF-059C-4F0F-B041-179332A6FC33}.Debug|Any CPU.ActiveCfg = Debug|Any CPU
		{ECCEF7DF-059C-4F0F-B041-179332A6FC33}.Debug|Any CPU.Build.0 = Debug|Any CPU
		{ECCEF7DF-059C-4F0F-B041-179332A6FC33}.Release|Any CPU.ActiveCfg = Release|Any CPU
		{ECCEF7DF-059C-4F0F-B041-179332A6FC33}.Release|Any CPU.Build.0 = Release|Any CPU
		{92986653-13CC-4C97-BBAB-3553AFF87237}.Debug|Any CPU.ActiveCfg = Debug|Any CPU
		{92986653-13CC-4C97-BBAB-3553AFF87237}.Debug|Any CPU.Build.0 = Debug|Any CPU
		{92986653-13CC-4C97-BBAB-3553AFF87237}.Release|Any CPU.ActiveCfg = Release|Any CPU
		{92986653-13CC-4C97-BBAB-3553AFF87237}.Release|Any CPU.Build.0 = Release|Any CPU
		{51F04EBE-E822-4751-A767-9DAEB4595274}.Debug|Any CPU.ActiveCfg = Debug|Any CPU
		{51F04EBE-E822-4751-A767-9DAEB4595274}.Debug|Any CPU.Build.0 = Debug|Any CPU
		{51F04EBE-E822-4751-A767-9DAEB4595274}.Release|Any CPU.ActiveCfg = Release|Any CPU
		{51F04EBE-E822-4751-A767-9DAEB4595274}.Release|Any CPU.Build.0 = Release|Any CPU
		{3E54F6BF-C3EF-4C26-ABA5-2FD55C6FDA42}.Debug|Any CPU.ActiveCfg = Debug|Any CPU
		{3E54F6BF-C3EF-4C26-ABA5-2FD55C6FDA42}.Debug|Any CPU.Build.0 = Debug|Any CPU
		{3E54F6BF-C3EF-4C26-ABA5-2FD55C6FDA42}.Release|Any CPU.ActiveCfg = Release|Any CPU
		{3E54F6BF-C3EF-4C26-ABA5-2FD55C6FDA42}.Release|Any CPU.Build.0 = Release|Any CPU
		{771BF8C5-1815-42D0-9CA3-1FA7FF1F8729}.Debug|Any CPU.ActiveCfg = Debug|Any CPU
		{771BF8C5-1815-42D0-9CA3-1FA7FF1F8729}.Debug|Any CPU.Build.0 = Debug|Any CPU
		{771BF8C5-1815-42D0-9CA3-1FA7FF1F8729}.Release|Any CPU.ActiveCfg = Release|Any CPU
		{771BF8C5-1815-42D0-9CA3-1FA7FF1F8729}.Release|Any CPU.Build.0 = Release|Any CPU
		{01CBBAE1-5DE4-4A75-AA91-26F4C5169058}.Debug|Any CPU.ActiveCfg = Debug|Any CPU
		{01CBBAE1-5DE4-4A75-AA91-26F4C5169058}.Debug|Any CPU.Build.0 = Debug|Any CPU
		{01CBBAE1-5DE4-4A75-AA91-26F4C5169058}.Release|Any CPU.ActiveCfg = Release|Any CPU
		{01CBBAE1-5DE4-4A75-AA91-26F4C5169058}.Release|Any CPU.Build.0 = Release|Any CPU
		{AF24FF35-E35A-4187-B346-1E933BD7322E}.Debug|Any CPU.ActiveCfg = Debug|Any CPU
		{AF24FF35-E35A-4187-B346-1E933BD7322E}.Debug|Any CPU.Build.0 = Debug|Any CPU
		{AF24FF35-E35A-4187-B346-1E933BD7322E}.Release|Any CPU.ActiveCfg = Release|Any CPU
		{AF24FF35-E35A-4187-B346-1E933BD7322E}.Release|Any CPU.Build.0 = Release|Any CPU
		{3A62E979-B011-4F8A-B3D1-8A2758612D0B}.Debug|Any CPU.ActiveCfg = Debug|Any CPU
		{3A62E979-B011-4F8A-B3D1-8A2758612D0B}.Debug|Any CPU.Build.0 = Debug|Any CPU
		{3A62E979-B011-4F8A-B3D1-8A2758612D0B}.Release|Any CPU.ActiveCfg = Release|Any CPU
		{3A62E979-B011-4F8A-B3D1-8A2758612D0B}.Release|Any CPU.Build.0 = Release|Any CPU
		{258D8D75-9B97-4FAB-991F-C15A0F4F54AE}.Debug|Any CPU.ActiveCfg = Debug|Any CPU
		{258D8D75-9B97-4FAB-991F-C15A0F4F54AE}.Debug|Any CPU.Build.0 = Debug|Any CPU
		{258D8D75-9B97-4FAB-991F-C15A0F4F54AE}.Release|Any CPU.ActiveCfg = Release|Any CPU
		{258D8D75-9B97-4FAB-991F-C15A0F4F54AE}.Release|Any CPU.Build.0 = Release|Any CPU
		{E1B3BB23-F691-495A-BCF0-F0BF9D25F172}.Debug|Any CPU.ActiveCfg = Debug|Any CPU
		{E1B3BB23-F691-495A-BCF0-F0BF9D25F172}.Debug|Any CPU.Build.0 = Debug|Any CPU
		{E1B3BB23-F691-495A-BCF0-F0BF9D25F172}.Release|Any CPU.ActiveCfg = Release|Any CPU
		{E1B3BB23-F691-495A-BCF0-F0BF9D25F172}.Release|Any CPU.Build.0 = Release|Any CPU
		{539B6C31-1943-4C74-8628-19E154F358A9}.Debug|Any CPU.ActiveCfg = Debug|Any CPU
		{539B6C31-1943-4C74-8628-19E154F358A9}.Debug|Any CPU.Build.0 = Debug|Any CPU
		{539B6C31-1943-4C74-8628-19E154F358A9}.Release|Any CPU.ActiveCfg = Release|Any CPU
		{539B6C31-1943-4C74-8628-19E154F358A9}.Release|Any CPU.Build.0 = Release|Any CPU
		{E5F7A62C-7D6E-4C8F-89BC-F1BEEB90B49F}.Debug|Any CPU.ActiveCfg = Debug|Any CPU
		{E5F7A62C-7D6E-4C8F-89BC-F1BEEB90B49F}.Debug|Any CPU.Build.0 = Debug|Any CPU
		{E5F7A62C-7D6E-4C8F-89BC-F1BEEB90B49F}.Release|Any CPU.ActiveCfg = Release|Any CPU
		{E5F7A62C-7D6E-4C8F-89BC-F1BEEB90B49F}.Release|Any CPU.Build.0 = Release|Any CPU
		{A990BFD9-B1AB-4FE0-BEAA-AD00CB70C0C4}.Debug|Any CPU.ActiveCfg = Debug|Any CPU
		{A990BFD9-B1AB-4FE0-BEAA-AD00CB70C0C4}.Debug|Any CPU.Build.0 = Debug|Any CPU
		{A990BFD9-B1AB-4FE0-BEAA-AD00CB70C0C4}.Release|Any CPU.ActiveCfg = Release|Any CPU
		{A990BFD9-B1AB-4FE0-BEAA-AD00CB70C0C4}.Release|Any CPU.Build.0 = Release|Any CPU
	EndGlobalSection
EndGlobal
